
Microsoft Visual Studio Solution File, Format Version 12.00
# Visual Studio Version 17
VisualStudioVersion = 17.10.35027.167
MinimumVisualStudioVersion = 10.0.40219.1
Project("{FAE04EC0-301F-11D3-BF4B-00C04F79EFBC}") = "WpfAppBiblioteca", "WpfAppBiblioteca\WpfAppBiblioteca.csproj", "{785D3BD8-0C0E-4BC6-B542-FA83950813BF}"
EndProject
Global
	GlobalSection(SolutionConfigurationPlatforms) = preSolution
		Debug|Any CPU = Debug|Any CPU
		Release|Any CPU = Release|Any CPU
	EndGlobalSection
	GlobalSection(ProjectConfigurationPlatforms) = postSolution
		{785D3BD8-0C0E-4BC6-B542-FA83950813BF}.Debug|Any CPU.ActiveCfg = Debug|Any CPU
		{785D3BD8-0C0E-4BC6-B542-FA83950813BF}.Debug|Any CPU.Build.0 = Debug|Any CPU
		{785D3BD8-0C0E-4BC6-B542-FA83950813BF}.Release|Any CPU.ActiveCfg = Release|Any CPU
		{785D3BD8-0C0E-4BC6-B542-FA83950813BF}.Release|Any CPU.Build.0 = Release|Any CPU
	EndGlobalSection
	GlobalSection(SolutionProperties) = preSolution
		HideSolutionNode = FALSE
	EndGlobalSection
	GlobalSection(ExtensibilityGlobals) = postSolution
		SolutionGuid = {15552F68-915B-4274-8337-071916C9A681}
	EndGlobalSection
EndGlobal
